# This file is autogenerated, do not edit; changes may be undone by the next 'dep ensure'.


[[projects]]
  digest = "1:167b6f65a6656de568092189ae791253939f076df60231fdd64588ac703892a1"
  name = "github.com/BurntSushi/toml"
  packages = ["."]
  pruneopts = "NUT"
  revision = "b26d9c308763d68093482582cea63d69be07a0f0"
  version = "v0.3.0"

[[projects]]
  branch = "master"
  digest = "1:2bf1bbdc89107fb1512dc42fdd2810582e71db93ffa51f3c11e861c93e37c0fb"
  name = "github.com/kmanley/golang-tuple"
  packages = ["."]
  pruneopts = "NUT"
  revision = "6efac34f17ab1392725ac5c959556c405a8098da"

[[projects]]
  branch = "master"
  digest = "1:eeb1f466766c40a4656b090593e103d2ce327b914329232bc1d4632dae17fc4f"
  name = "github.com/mitchellh/mapstructure"
  packages = ["."]
  pruneopts = "NUT"
  revision = "00c29f56e2386353d58c599509e8dc3801b0d716"

[[projects]]
  branch = "master"
  digest = "1:845c2878ddaa174523d1e096d61e0ebb349855d81dde54e6dbc2c3dbf431b68a"
  name = "golang.org/x/net"
  packages = ["websocket"]
  pruneopts = "NUT"
  revision = "f73e4c9ed3b7ebdd5f699a16a880c2b1994e50dd"

[solve-meta]
  analyzer-name = "dep"
  analyzer-version = 1
  input-imports = [
    "github.com/BurntSushi/toml",
    "github.com/kmanley/golang-tuple",
    "github.com/mitchellh/mapstructure",
    "golang.org/x/net/websocket",
  ]
  solver-name = "gps-cdcl"
  solver-version = 1
